
Microsoft Visual Studio Solution File, Format Version 12.00
Project("{FAE04EC0-301F-11D3-BF4B-00C04F79EFBC}") = "OdinEye", "src\OdinEye\OdinEye.csproj", "{6BC0320E-49F2-4A19-BE85-E909D6852C1C}"
EndProject
Project("{FAE04EC0-301F-11D3-BF4B-00C04F79EFBC}") = "OdinEye.Models", "src\OdinEye.Models\OdinEye.Models.csproj", "{0C64B257-49E8-4202-BB95-035170EAF5EC}"
EndProject
Global
	GlobalSection(SolutionConfigurationPlatforms) = preSolution
		Debug|Any CPU = Debug|Any CPU
		Release|Any CPU = Release|Any CPU
	EndGlobalSection
	GlobalSection(ProjectConfigurationPlatforms) = postSolution
		{6BC0320E-49F2-4A19-BE85-E909D6852C1C}.Debug|Any CPU.ActiveCfg = Debug|Any CPU
		{6BC0320E-49F2-4A19-BE85-E909D6852C1C}.Debug|Any CPU.Build.0 = Debug|Any CPU
		{6BC0320E-49F2-4A19-BE85-E909D6852C1C}.Release|Any CPU.ActiveCfg = Release|Any CPU
		{6BC0320E-49F2-4A19-BE85-E909D6852C1C}.Release|Any CPU.Build.0 = Release|Any CPU
		{0C64B257-49E8-4202-BB95-035170EAF5EC}.Debug|Any CPU.ActiveCfg = Debug|Any CPU
		{0C64B257-49E8-4202-BB95-035170EAF5EC}.Debug|Any CPU.Build.0 = Debug|Any CPU
		{0C64B257-49E8-4202-BB95-035170EAF5EC}.Release|Any CPU.ActiveCfg = Release|Any CPU
		{0C64B257-49E8-4202-BB95-035170EAF5EC}.Release|Any CPU.Build.0 = Release|Any CPU
	EndGlobalSection
EndGlobal
